Microsoft Visual Studio Solution File, Format Version 12.00
# Visual Studio 2012
Project("{FAE04EC0-301F-11D3-BF4B-00C04F79EFBC}") = "ProjectNox", "ProjectNox.csproj", "{F46BEAB7-A27C-4665-99B3-68A8CDCA9C26}"
EndProject
Global
	GlobalSection(SolutionConfigurationPlatforms) = preSolution
	Debug|Any CPU = Debug|Any CPU
	ExportDebug|Any CPU = ExportDebug|Any CPU
	ExportRelease|Any CPU = ExportRelease|Any CPU
	EndGlobalSection
	GlobalSection(ProjectConfigurationPlatforms) = postSolution
		{F46BEAB7-A27C-4665-99B3-68A8CDCA9C26}.Debug|Any CPU.ActiveCfg = Debug|Any CPU
		{F46BEAB7-A27C-4665-99B3-68A8CDCA9C26}.Debug|Any CPU.Build.0 = Debug|Any CPU
		{F46BEAB7-A27C-4665-99B3-68A8CDCA9C26}.ExportDebug|Any CPU.ActiveCfg = ExportDebug|Any CPU
		{F46BEAB7-A27C-4665-99B3-68A8CDCA9C26}.ExportDebug|Any CPU.Build.0 = ExportDebug|Any CPU
		{F46BEAB7-A27C-4665-99B3-68A8CDCA9C26}.ExportRelease|Any CPU.ActiveCfg = ExportRelease|Any CPU
		{F46BEAB7-A27C-4665-99B3-68A8CDCA9C26}.ExportRelease|Any CPU.Build.0 = ExportRelease|Any CPU
	EndGlobalSection
EndGlobal
